// !$*UTF8*$!
{
	archiveVersion = 1;
	classes = {
	};
	objectVersion = 77;
	objects = {

/* Begin PBXBuildFile section */
		A747E9EF2F4721E7007A9CFF /* AppDelegate.swift in Sources */ = {isa = PBXBuildFile; fileRef = A747E9D92F4721E7007A9CFF /* AppDelegate.swift */; };
		A747E9F02F4721E7007A9CFF /* SceneDelegate.swift in Sources */ = {isa = PBXBuildFile; fileRef = A747E9DA2F4721E7007A9CFF /* SceneDelegate.swift */; };
		A747E9F12F4721E7007A9CFF /* LoginContracts.swift in Sources */ = {isa = PBXBuildFile; fileRef = A747E9DC2F4721E7007A9CFF /* LoginContracts.swift */; };
		A747E9F22F4721E7007A9CFF /* LoginEntity.swift in Sources */ = {isa = PBXBuildFile; fileRef = A747E9DD2F4721E7007A9CFF /* LoginEntity.swift */; };
		A747E9F32F4721E7007A9CFF /* LoginInterector.swift in Sources */ = {isa = PBXBuildFile; fileRef = A747E9DE2F4721E7007A9CFF /* LoginInterector.swift */; };
		A747E9F42F4721E7007A9CFF /* LoginModuleBuilder.swift in Sources */ = {isa = PBXBuildFile; fileRef = A747E9DF2F4721E7007A9CFF /* LoginModuleBuilder.swift */; };
		A747E9F52F4721E7007A9CFF /* LoginPresenter.swift in Sources */ = {isa = PBXBuildFile; fileRef = A747E9E02F4721E7007A9CFF /* LoginPresenter.swift */; };
		A747E9F62F4721E7007A9CFF /* LoginRouter.swift in Sources */ = {isa = PBXBuildFile; fileRef = A747E9E12F4721E7007A9CFF /* LoginRouter.swift */; };
		A747E9F72F4721E7007A9CFF /* LoginViewController.swift in Sources */ = {isa = PBXBuildFile; fileRef = A747E9E22F4721E7007A9CFF /* LoginViewController.swift */; };
		A747E9F82F4721E7007A9CFF /* ViewController.swift in Sources */ = {isa = PBXBuildFile; fileRef = A747E9ED2F4721E7007A9CFF /* ViewController.swift */; };
		A747E9F92F4721E7007A9CFF /* Assets.xcassets in Resources */ = {isa = PBXBuildFile; fileRef = A747E9E72F4721E7007A9CFF /* Assets.xcassets */; };
		A747E9FB2F4721E7007A9CFF /* LaunchScreen.storyboard in Resources */ = {isa = PBXBuildFile; fileRef = A747E9EA2F4721E7007A9CFF /* LaunchScreen.storyboard */; };
		A747E9FC2F4721E7007A9CFF /* Main.storyboard in Resources */ = {isa = PBXBuildFile; fileRef = A747E9EC2F4721E7007A9CFF /* Main.storyboard */; };
		A747E9FE2F4721F4007A9CFF /* LoadingOverlay.swift in Sources */ = {isa = PBXBuildFile; fileRef = A747E9FD2F4721F0007A9CFF /* LoadingOverlay.swift */; };
		A782FDDA2F5E9B1A0017A51D /* AppCoordinator.swift in Sources */ = {isa = PBXBuildFile; fileRef = A782FDD92F5E9B170017A51D /* AppCoordinator.swift */; };
/* End PBXBuildFile section */

/* Begin PBXFileReference section */
		A747E9D92F4721E7007A9CFF /* AppDelegate.swift */ = {isa = PBXFileReference; lastKnownFileType = sourcecode.swift; path = AppDelegate.swift; sourceTree = "<group>"; };
		A747E9DA2F4721E7007A9CFF /* SceneDelegate.swift */ = {isa = PBXFileReference; lastKnownFileType = sourcecode.swift; path = SceneDelegate.swift; sourceTree = "<group>"; };
		A747E9DC2F4721E7007A9CFF /* LoginContracts.swift */ = {isa = PBXFileReference; lastKnownFileType = sourcecode.swift; path = LoginContracts.swift; sourceTree = "<group>"; };
		A747E9DD2F4721E7007A9CFF /* LoginEntity.swift */ = {isa = PBXFileReference; lastKnownFileType = sourcecode.swift; path = LoginEntity.swift; sourceTree = "<group>"; };
		A747E9DE2F4721E7007A9CFF /* LoginInterector.swift */ = {isa = PBXFileReference; lastKnownFileType = sourcecode.swift; path = LoginInterector.swift; sourceTree = "<group>"; };
		A747E9DF2F4721E7007A9CFF /* LoginModuleBuilder.swift */ = {isa = PBXFileReference; lastKnownFileType = sourcecode.swift; path = LoginModuleBuilder.swift; sourceTree = "<group>"; };
		A747E9E02F4721E7007A9CFF /* LoginPresenter.swift */ = {isa = PBXFileReference; lastKnownFileType = sourcecode.swift; path = LoginPresenter.swift; sourceTree = "<group>"; };
		A747E9E12F4721E7007A9CFF /* LoginRouter.swift */ = {isa = PBXFileReference; lastKnownFileType = sourcecode.swift; path = LoginRouter.swift; sourceTree = "<group>"; };
		A747E9E22F4721E7007A9CFF /* LoginViewController.swift */ = {isa = PBXFileReference; lastKnownFileType = sourcecode.swift; path = LoginViewController.swift; sourceTree = "<group>"; };
		A747E9E72F4721E7007A9CFF /* Assets.xcassets */ = {isa = PBXFileReference; lastKnownFileType = folder.assetcatalog; path = Assets.xcassets; sourceTree = "<group>"; };
		A747E9E82F4721E7007A9CFF /* Info.plist */ = {isa = PBXFileReference; lastKnownFileType = text.plist.xml; path = Info.plist; sourceTree = "<group>"; };
		A747E9E92F4721E7007A9CFF /* Base */ = {isa = PBXFileReference; lastKnownFileType = file.storyboard; name = Base; path = Base.lproj/LaunchScreen.storyboard; sourceTree = "<group>"; };
		A747E9EB2F4721E7007A9CFF /* Base */ = {isa = PBXFileReference; lastKnownFileType = file.storyboard; name = Base; path = Base.lproj/Main.storyboard; sourceTree = "<group>"; };
		A747E9ED2F4721E7007A9CFF /* ViewController.swift */ = {isa = PBXFileReference; lastKnownFileType = sourcecode.swift; path = ViewController.swift; sourceTree = "<group>"; };
		A747E9FD2F4721F0007A9CFF /* LoadingOverlay.swift */ = {isa = PBXFileReference; lastKnownFileType = sourcecode.swift; path = LoadingOverlay.swift; sourceTree = "<group>"; };
		A782FDD92F5E9B170017A51D /* AppCoordinator.swift */ = {isa = PBXFileReference; lastKnownFileType = sourcecode.swift; path = AppCoordinator.swift; sourceTree = "<group>"; };
		A7DC91E02F4720D000B5414C /* VIPERToModernArchitecture.app */ = {isa = PBXFileReference; explicitFileType = wrapper.application; includeInIndex = 0; path = VIPERToModernArchitecture.app; sourceTree = BUILT_PRODUCTS_DIR; };
/* End PBXFileReference section */

/* Begin PBXFrameworksBuildPhase section */
		A7DC91DD2F4720D000B5414C /* Frameworks */ = {
			isa = PBXFrameworksBuildPhase;
			buildActionMask = 2147483647;
			files = (
			);
			runOnlyForDeploymentPostprocessing = 0;
		};
/* End PBXFrameworksBuildPhase section */

/* Begin PBXGroup section */
		A747E9DB2F4721E7007A9CFF /* App */ = {
			isa = PBXGroup;
			children = (
				A747E9DA2F4721E7007A9CFF /* SceneDelegate.swift */,
				A747E9D92F4721E7007A9CFF /* AppDelegate.swift */,
				A782FDD92F5E9B170017A51D /* AppCoordinator.swift */,
			);
			path = App;
			sourceTree = "<group>";
		};
		A747E9E32F4721E7007A9CFF /* Login */ = {
			isa = PBXGroup;
			children = (
				A747E9DC2F4721E7007A9CFF /* LoginContracts.swift */,
				A747E9DD2F4721E7007A9CFF /* LoginEntity.swift */,
				A747E9DE2F4721E7007A9CFF /* LoginInterector.swift */,
				A747E9E02F4721E7007A9CFF /* LoginPresenter.swift */,
				A747E9E12F4721E7007A9CFF /* LoginRouter.swift */,
				A747E9E22F4721E7007A9CFF /* LoginViewController.swift */,
				A747E9DF2F4721E7007A9CFF /* LoginModuleBuilder.swift */,
			);
			path = Login;
			sourceTree = "<group>";
		};
		A747E9E42F4721E7007A9CFF /* LegacyVIPER */ = {
			isa = PBXGroup;
			children = (
				A747E9E32F4721E7007A9CFF /* Login */,
			);
			path = LegacyVIPER;
			sourceTree = "<group>";
		};
		A747E9E52F4721E7007A9CFF /* UI */ = {
			isa = PBXGroup;
			children = (
				A747E9FD2F4721F0007A9CFF /* LoadingOverlay.swift */,
			);
			path = UI;
			sourceTree = "<group>";
		};
		A747E9E62F4721E7007A9CFF /* Shared */ = {
			isa = PBXGroup;
			children = (
				A747E9E52F4721E7007A9CFF /* UI */,
			);
			path = Shared;
			sourceTree = "<group>";
		};
		A747E9EE2F4721E7007A9CFF /* VIPERToModernArchitecture */ = {
			isa = PBXGroup;
			children = (
				A747E9DB2F4721E7007A9CFF /* App */,
				A747E9E42F4721E7007A9CFF /* LegacyVIPER */,
				A747E9E62F4721E7007A9CFF /* Shared */,
				A747E9E72F4721E7007A9CFF /* Assets.xcassets */,
				A747E9E82F4721E7007A9CFF /* Info.plist */,
				A747E9EA2F4721E7007A9CFF /* LaunchScreen.storyboard */,
				A747E9EC2F4721E7007A9CFF /* Main.storyboard */,
				A747E9ED2F4721E7007A9CFF /* ViewController.swift */,
			);
			path = VIPERToModernArchitecture;
			sourceTree = "<group>";
		};
		A7DC91D72F4720D000B5414C = {
			isa = PBXGroup;
			children = (
				A747E9EE2F4721E7007A9CFF /* VIPERToModernArchitecture */,
				A7DC91E12F4720D000B5414C /* Products */,
			);
			sourceTree = "<group>";
		};
		A7DC91E12F4720D000B5414C /* Products */ = {
			isa = PBXGroup;
			children = (
				A7DC91E02F4720D000B5414C /* VIPERToModernArchitecture.app */,
			);
			name = Products;
			sourceTree = "<group>";
		};
/* End PBXGroup section */

/* Begin PBXNativeTarget section */
		A7DC91DF2F4720D000B5414C /* VIPERToModernArchitecture */ = {
			isa = PBXNativeTarget;
			buildConfigurationList = A7DC91F32F4720D100B5414C /* Build configuration list for PBXNativeTarget "VIPERToModernArchitecture" */;
			buildPhases = (
				A7DC91DC2F4720D000B5414C /* Sources */,
				A7DC91DD2F4720D000B5414C /* Frameworks */,
				A7DC91DE2F4720D000B5414C /* Resources */,
			);
			buildRules = (
			);
			dependencies = (
			);
			name = VIPERToModernArchitecture;
			packageProductDependencies = (
			);
			productName = VIPERToModernArchitecture;
			productReference = A7DC91E02F4720D000B5414C /* VIPERToModernArchitecture.app */;
			productType = "com.apple.product-type.application";
		};
/* End PBXNativeTarget section */

/* Begin PBXProject section */
		A7DC91D82F4720D000B5414C /* Project object */ = {
			isa = PBXProject;
			attributes = {
				BuildIndependentTargetsInParallel = 1;
				LastSwiftUpdateCheck = 1600;
				LastUpgradeCheck = 1600;
				TargetAttributes = {
					A7DC91DF2F4720D000B5414C = {
						CreatedOnToolsVersion = 16.0;
					};
				};
			};
			buildConfigurationList = A7DC91DB2F4720D000B5414C /* Build configuration list for PBXProject "VIPERToModernArchitecture" */;
			developmentRegion = en;
			hasScannedForEncodings = 0;
			knownRegions = (
				en,
				Base,
			);
			mainGroup = A7DC91D72F4720D000B5414C;
			minimizedProjectReferenceProxies = 1;
			preferredProjectObjectVersion = 77;
			productRefGroup = A7DC91E12F4720D000B5414C /* Products */;
			projectDirPath = "";
			projectRoot = "";
			targets = (
				A7DC91DF2F4720D000B5414C /* VIPERToModernArchitecture */,
			);
		};
/* End PBXProject section */

/* Begin PBXResourcesBuildPhase section */
		A7DC91DE2F4720D000B5414C /* Resources */ = {
			isa = PBXResourcesBuildPhase;
			buildActionMask = 2147483647;
			files = (
				A747E9F92F4721E7007A9CFF /* Assets.xcassets in Resources */,
				A747E9FB2F4721E7007A9CFF /* LaunchScreen.storyboard in Resources */,
				A747E9FC2F4721E7007A9CFF /* Main.storyboard in Resources */,
			);
			runOnlyForDeploymentPostprocessing = 0;
		};
/* End PBXResourcesBuildPhase section */

/* Begin PBXSourcesBuildPhase section */
		A7DC91DC2F4720D000B5414C /* Sources */ = {
			isa = PBXSourcesBuildPhase;
			buildActionMask = 2147483647;
			files = (
				A782FDDA2F5E9B1A0017A51D /* AppCoordinator.swift in Sources */,
				A747E9EF2F4721E7007A9CFF /* AppDelegate.swift in Sources */,
				A747E9F02F4721E7007A9CFF /* SceneDelegate.swift in Sources */,
				A747E9F12F4721E7007A9CFF /* LoginContracts.swift in Sources */,
				A747E9FE2F4721F4007A9CFF /* LoadingOverlay.swift in Sources */,
				A747E9F22F4721E7007A9CFF /* LoginEntity.swift in Sources */,
				A747E9F32F4721E7007A9CFF /* LoginInterector.swift in Sources */,
				A747E9F42F4721E7007A9CFF /* LoginModuleBuilder.swift in Sources */,
				A747E9F52F4721E7007A9CFF /* LoginPresenter.swift in Sources */,
				A747E9F62F4721E7007A9CFF /* LoginRouter.swift in Sources */,
				A747E9F72F4721E7007A9CFF /* LoginViewController.swift in Sources */,
				A747E9F82F4721E7007A9CFF /* ViewController.swift in Sources */,
			);
			runOnlyForDeploymentPostprocessing = 0;
		};
/* End PBXSourcesBuildPhase section */

/* Begin PBXVariantGroup section */
		A747E9EA2F4721E7007A9CFF /* LaunchScreen.storyboard */ = {
			isa = PBXVariantGroup;
			children = (
				A747E9E92F4721E7007A9CFF /* Base */,
			);
			name = LaunchScreen.storyboard;
			sourceTree = "<group>";
		};
		A747E9EC2F4721E7007A9CFF /* Main.storyboard */ = {
			isa = PBXVariantGroup;
			children = (
				A747E9EB2F4721E7007A9CFF /* Base */,
			);
			name = Main.storyboard;
			sourceTree = "<group>";
		};
/* End PBXVariantGroup section */

/* Begin XCBuildConfiguration section */
		A7DC91F42F4720D100B5414C /* Debug */ = {
			isa = XCBuildConfiguration;
			buildSettings = {
				ASSETCATALOG_COMPILER_APPICON_NAME = AppIcon;
				ASSETCATALOG_COMPILER_GLOBAL_ACCENT_COLOR_NAME = AccentColor;
				CODE_SIGN_STYLE = Automatic;
				CURRENT_PROJECT_VERSION = 1;
				GENERATE_INFOPLIST_FILE = YES;
				INFOPLIST_FILE = VIPERToModernArchitecture/Info.plist;
				INFOPLIST_KEY_UIApplicationSupportsIndirectInputEvents = YES;
				INFOPLIST_KEY_UILaunchStoryboardName = LaunchScreen;
				INFOPLIST_KEY_UIMainStoryboardFile = Main;
				INFOPLIST_KEY_UISupportedInterfaceOrientations_iPad = "UIInterfaceOrientationPortrait UIInterfaceOrientationPortraitUpsideDown UIInterfaceOrientationLandscapeLeft UIInterfaceOrientationLandscapeRight";
				INFOPLIST_KEY_UISupportedInterfaceOrientations_iPhone = "UIInterfaceOrientationPortrait UIInterfaceOrientationLandscapeLeft UIInterfaceOrientationLandscapeRight";
				LD_RUNPATH_SEARCH_PATHS = (
					"$(inherited)",
					"@executable_path/Frameworks",
				);
				MARKETING_VERSION = 1.0;
				PRODUCT_BUNDLE_IDENTIFIER = com.gokhantaymaz.ios.VIPERToModernArchitecture;
				PRODUCT_NAME = "$(TARGET_NAME)";
				SWIFT_EMIT_LOC_STRINGS = YES;
				SWIFT_VERSION = 5.0;
				TARGETED_DEVICE_FAMILY = "1,2";
			};
			name = Debug;
		};
		A7DC91F52F4720D100B5414C /* Release */ = {
			isa = XCBuildConfiguration;
			buildSettings = {
				ASSETCATALOG_COMPILER_APPICON_NAME = AppIcon;
				ASSETCATALOG_COMPILER_GLOBAL_ACCENT_COLOR_NAME = AccentColor;
				CODE_SIGN_STYLE = Automatic;
				CURRENT_PROJECT_VERSION = 1;
				GENERATE_INFOPLIST_FILE = YES;
				INFOPLIST_FILE = VIPERToModernArchitecture/Info.plist;
				INFOPLIST_KEY_UIApplicationSupportsIndirectInputEvents = YES;
				INFOPLIST_KEY_UILaunchStoryboardName = LaunchScreen;
				INFOPLIST_KEY_UIMainStoryboardFile = Main;
				INFOPLIST_KEY_UISupportedInterfaceOrientations_iPad = "UIInterfaceOrientationPortrait UIInterfaceOrientationPortraitUpsideDown UIInterfaceOrientationLandscapeLeft UIInterfaceOrientationLandscapeRight";
				INFOPLIST_KEY_UISupportedInterfaceOrientations_iPhone = "UIInterfaceOrientationPortrait UIInterfaceOrientationLandscapeLeft UIInterfaceOrientationLandscapeRight";
				LD_RUNPATH_SEARCH_PATHS = (
					"$(inherited)",
					"@executable_path/Frameworks",
				);
				MARKETING_VERSION = 1.0;
				PRODUCT_BUNDLE_IDENTIFIER = com.gokhantaymaz.ios.VIPERToModernArchitecture;
				PRODUCT_NAME = "$(TARGET_NAME)";
				SWIFT_EMIT_LOC_STRINGS = YES;
				SWIFT_VERSION = 5.0;
				TARGETED_DEVICE_FAMILY = "1,2";
			};
			name = Release;
		};
		A7DC91F62F4720D100B5414C /* Debug */ = {
			isa = XCBuildConfiguration;
			buildSettings = {
				ALWAYS_SEARCH_USER_PATHS = NO;
				ASSETCATALOG_COMPILER_GENERATE_SWIFT_ASSET_SYMBOL_EXTENSIONS = YES;
				CLANG_ANALYZER_NONNULL = YES;
				CLANG_ANALYZER_NUMBER_OBJECT_CONVERSION = YES_AGGRESSIVE;
				CLANG_CXX_LANGUAGE_STANDARD = "gnu++20";
				CLANG_ENABLE_MODULES = YES;
				CLANG_ENABLE_OBJC_ARC = YES;
				CLANG_ENABLE_OBJC_WEAK = YES;
				CLANG_WARN_BLOCK_CAPTURE_AUTORELEASING = YES;
				CLANG_WARN_BOOL_CONVERSION = YES;
				CLANG_WARN_COMMA = YES;
				CLANG_WARN_CONSTANT_CONVERSION = YES;
				CLANG_WARN_DEPRECATED_OBJC_IMPLEMENTATIONS = YES;
				CLANG_WARN_DIRECT_OBJC_ISA_USAGE = YES_ERROR;
				CLANG_WARN_DOCUMENTATION_COMMENTS = YES;
				CLANG_WARN_EMPTY_BODY = YES;
				CLANG_WARN_ENUM_CONVERSION = YES;
				CLANG_WARN_INFINITE_RECURSION = YES;
				CLANG_WARN_INT_CONVERSION = YES;
				CLANG_WARN_NON_LITERAL_NULL_CONVERSION = YES;
				CLANG_WARN_OBJC_IMPLICIT_RETAIN_SELF = YES;
				CLANG_WARN_OBJC_LITERAL_CONVERSION = YES;
				CLANG_WARN_OBJC_ROOT_CLASS = YES_ERROR;
				CLANG_WARN_QUOTED_INCLUDE_IN_FRAMEWORK_HEADER = YES;
				CLANG_WARN_RANGE_LOOP_ANALYSIS = YES;
				CLANG_WARN_STRICT_PROTOTYPES = YES;
				CLANG_WARN_SUSPICIOUS_MOVE = YES;
				CLANG_WARN_UNGUARDED_AVAILABILITY = YES_AGGRESSIVE;
				CLANG_WARN_UNREACHABLE_CODE = YES;
				CLANG_WARN__DUPLICATE_METHOD_MATCH = YES;
				COPY_PHASE_STRIP = NO;
				DEBUG_INFORMATION_FORMAT = dwarf;
				ENABLE_STRICT_OBJC_MSGSEND = YES;
				ENABLE_TESTABILITY = YES;
				ENABLE_USER_SCRIPT_SANDBOXING = YES;
				GCC_C_LANGUAGE_STANDARD = gnu17;
				GCC_DYNAMIC_NO_PIC = NO;
				GCC_NO_COMMON_BLOCKS = YES;
				GCC_OPTIMIZATION_LEVEL = 0;
				GCC_PREPROCESSOR_DEFINITIONS = (
					"DEBUG=1",
					"$(inherited)",
				);
				GCC_WARN_64_TO_32_BIT_CONVERSION = YES;
				GCC_WARN_ABOUT_RETURN_TYPE = YES_ERROR;
				GCC_WARN_UNDECLARED_SELECTOR = YES;
				GCC_WARN_UNINITIALIZED_AUTOS = YES_AGGRESSIVE;
				GCC_WARN_UNUSED_FUNCTION = YES;
				GCC_WARN_UNUSED_VARIABLE = YES;
				IPHONEOS_DEPLOYMENT_TARGET = 18.0;
				LOCALIZATION_PREFERS_STRING_CATALOGS = YES;
				MTL_ENABLE_DEBUG_INFO = INCLUDE_SOURCE;
				MTL_FAST_MATH = YES;
				ONLY_ACTIVE_ARCH = YES;
				SDKROOT = iphoneos;
				SWIFT_ACTIVE_COMPILATION_CONDITIONS = "DEBUG $(inherited)";
				SWIFT_OPTIMIZATION_LEVEL = "-Onone";
			};
			name = Debug;
		};
		A7DC91F72F4720D100B5414C /* Release */ = {
			isa = XCBuildConfiguration;
			buildSettings = {
				ALWAYS_SEARCH_USER_PATHS = NO;
				ASSETCATALOG_COMPILER_GENERATE_SWIFT_ASSET_SYMBOL_EXTENSIONS = YES;
				CLANG_ANALYZER_NONNULL = YES;
				CLANG_ANALYZER_NUMBER_OBJECT_CONVERSION = YES_AGGRESSIVE;
				CLANG_CXX_LANGUAGE_STANDARD = "gnu++20";
				CLANG_ENABLE_MODULES = YES;
				CLANG_ENABLE_OBJC_ARC = YES;
				CLANG_ENABLE_OBJC_WEAK = YES;
				CLANG_WARN_BLOCK_CAPTURE_AUTORELEASING = YES;
				CLANG_WARN_BOOL_CONVERSION = YES;
				CLANG_WARN_COMMA = YES;
				CLANG_WARN_CONSTANT_CONVERSION = YES;
				CLANG_WARN_DEPRECATED_OBJC_IMPLEMENTATIONS = YES;
				CLANG_WARN_DIRECT_OBJC_ISA_USAGE = YES_ERROR;
				CLANG_WARN_DOCUMENTATION_COMMENTS = YES;
				CLANG_WARN_EMPTY_BODY = YES;
				CLANG_WARN_ENUM_CONVERSION = YES;
				CLANG_WARN_INFINITE_RECURSION = YES;
				CLANG_WARN_INT_CONVERSION = YES;
				CLANG_WARN_NON_LITERAL_NULL_CONVERSION = YES;
				CLANG_WARN_OBJC_IMPLICIT_RETAIN_SELF = YES;
				CLANG_WARN_OBJC_LITERAL_CONVERSION = YES;
				CLANG_WARN_OBJC_ROOT_CLASS = YES_ERROR;
				CLANG_WARN_QUOTED_INCLUDE_IN_FRAMEWORK_HEADER = YES;
				CLANG_WARN_RANGE_LOOP_ANALYSIS = YES;
				CLANG_WARN_STRICT_PROTOTYPES = YES;
				CLANG_WARN_SUSPICIOUS_MOVE = YES;
				CLANG_WARN_UNGUARDED_AVAILABILITY = YES_AGGRESSIVE;
				CLANG_WARN_UNREACHABLE_CODE = YES;
				CLANG_WARN__DUPLICATE_METHOD_MATCH = YES;
				COPY_PHASE_STRIP = NO;
				DEBUG_INFORMATION_FORMAT = "dwarf-with-dsym";
				ENABLE_NS_ASSERTIONS = NO;
				ENABLE_STRICT_OBJC_MSGSEND = YES;
				ENABLE_USER_SCRIPT_SANDBOXING = YES;
				GCC_C_LANGUAGE_STANDARD = gnu17;
				GCC_NO_COMMON_BLOCKS = YES;
				GCC_WARN_64_TO_32_BIT_CONVERSION = YES;
				GCC_WARN_ABOUT_RETURN_TYPE = YES_ERROR;
				GCC_WARN_UNDECLARED_SELECTOR = YES;
				GCC_WARN_UNINITIALIZED_AUTOS = YES_AGGRESSIVE;
				GCC_WARN_UNUSED_FUNCTION = YES;
				GCC_WARN_UNUSED_VARIABLE = YES;
				IPHONEOS_DEPLOYMENT_TARGET = 18.0;
				LOCALIZATION_PREFERS_STRING_CATALOGS = YES;
				MTL_ENABLE_DEBUG_INFO = NO;
				MTL_FAST_MATH = YES;
				SDKROOT = iphoneos;
				SWIFT_COMPILATION_MODE = wholemodule;
				VALIDATE_PRODUCT = YES;
			};
			name = Release;
		};
/* End XCBuildConfiguration section */

/* Begin XCConfigurationList section */
		A7DC91DB2F4720D000B5414C /* Build configuration list for PBXProject "VIPERToModernArchitecture" */ = {
			isa = XCConfigurationList;
			buildConfigurations = (
				A7DC91F62F4720D100B5414C /* Debug */,
				A7DC91F72F4720D100B5414C /* Release */,
			);
			defaultConfigurationIsVisible = 0;
			defaultConfigurationName = Release;
		};
		A7DC91F32F4720D100B5414C /* Build configuration list for PBXNativeTarget "VIPERToModernArchitecture" */ = {
			isa = XCConfigurationList;
			buildConfigurations = (
				A7DC91F42F4720D100B5414C /* Debug */,
				A7DC91F52F4720D100B5414C /* Release */,
			);
			defaultConfigurationIsVisible = 0;
			defaultConfigurationName = Release;
		};
/* End XCConfigurationList section */
	};
	rootObject = A7DC91D82F4720D000B5414C /* Project object */;
}
